
Microsoft Visual Studio Solution File, Format Version 12.00
# Visual Studio Version 17
VisualStudioVersion = 17.10.35013.160
MinimumVisualStudioVersion = 10.0.40219.1
Project("{9A19103F-16F7-4668-BE54-9A1E7A4F7556}") = "ProjectPet.API", "src\ProjectPet.API\ProjectPet.API.csproj", "{D73AC7A8-460A-46A6-B89E-810EC3AE19F1}"
EndProject
Project("{9A19103F-16F7-4668-BE54-9A1E7A4F7556}") = "ProjectPet.Infrastructure", "src\ProjectPet.Infrastructure\ProjectPet.Infrastructure.csproj", "{6D66C03E-6DD9-49D3-9D3E-E66FBB6C4C7A}"
EndProject
Project("{9A19103F-16F7-4668-BE54-9A1E7A4F7556}") = "ProjectPet.Domain", "src\ProjectPet.Domain\ProjectPet.Domain.csproj", "{005B5449-9207-4DBB-A15C-5827BF09E0F1}"
EndProject
Project("{9A19103F-16F7-4668-BE54-9A1E7A4F7556}") = "ProjectPet.Application", "src\ProjectPet.Application\ProjectPet.Application.csproj", "{FC4F191C-C3CE-4489-997A-9DA95CA07CDA}"
EndProject
Project("{E53339B2-1760-4266-BCC7-CA923CBCF16C}") = "docker-compose", "docker-compose.dcproj", "{C3D825E2-8E84-4F80-88AD-ADF7DDB96320}"
EndProject
Project("{9A19103F-16F7-4668-BE54-9A1E7A4F7556}") = "ProjectPet.Domain.Tests", "Tests\ProjectPet.Domain.Tests\ProjectPet.Domain.Tests.csproj", "{EDC34CA6-15AD-4721-994A-03712FBE2A08}"
EndProject
Global
	GlobalSection(SolutionConfigurationPlatforms) = preSolution
		Debug|Any CPU = Debug|Any CPU
		Release|Any CPU = Release|Any CPU
	EndGlobalSection
	GlobalSection(ProjectConfigurationPlatforms) = postSolution
		{D73AC7A8-460A-46A6-B89E-810EC3AE19F1}.Debug|Any CPU.ActiveCfg = Debug|Any CPU
		{D73AC7A8-460A-46A6-B89E-810EC3AE19F1}.Debug|Any CPU.Build.0 = Debug|Any CPU
		{D73AC7A8-460A-46A6-B89E-810EC3AE19F1}.Release|Any CPU.ActiveCfg = Release|Any CPU
		{D73AC7A8-460A-46A6-B89E-810EC3AE19F1}.Release|Any CPU.Build.0 = Release|Any CPU
		{6D66C03E-6DD9-49D3-9D3E-E66FBB6C4C7A}.Debug|Any CPU.ActiveCfg = Debug|Any CPU
		{6D66C03E-6DD9-49D3-9D3E-E66FBB6C4C7A}.Debug|Any CPU.Build.0 = Debug|Any CPU
		{6D66C03E-6DD9-49D3-9D3E-E66FBB6C4C7A}.Release|Any CPU.ActiveCfg = Release|Any CPU
		{6D66C03E-6DD9-49D3-9D3E-E66FBB6C4C7A}.Release|Any CPU.Build.0 = Release|Any CPU
		{005B5449-9207-4DBB-A15C-5827BF09E0F1}.Debug|Any CPU.ActiveCfg = Debug|Any CPU
		{005B5449-9207-4DBB-A15C-5827BF09E0F1}.Debug|Any CPU.Build.0 = Debug|Any CPU
		{005B5449-9207-4DBB-A15C-5827BF09E0F1}.Release|Any CPU.ActiveCfg = Release|Any CPU
		{005B5449-9207-4DBB-A15C-5827BF09E0F1}.Release|Any CPU.Build.0 = Release|Any CPU
		{FC4F191C-C3CE-4489-997A-9DA95CA07CDA}.Debug|Any CPU.ActiveCfg = Debug|Any CPU
		{FC4F191C-C3CE-4489-997A-9DA95CA07CDA}.Debug|Any CPU.Build.0 = Debug|Any CPU
		{FC4F191C-C3CE-4489-997A-9DA95CA07CDA}.Release|Any CPU.ActiveCfg = Release|Any CPU
		{FC4F191C-C3CE-4489-997A-9DA95CA07CDA}.Release|Any CPU.Build.0 = Release|Any CPU
		{C3D825E2-8E84-4F80-88AD-ADF7DDB96320}.Debug|Any CPU.ActiveCfg = Debug|Any CPU
		{C3D825E2-8E84-4F80-88AD-ADF7DDB96320}.Debug|Any CPU.Build.0 = Debug|Any CPU
		{C3D825E2-8E84-4F80-88AD-ADF7DDB96320}.Release|Any CPU.ActiveCfg = Release|Any CPU
		{C3D825E2-8E84-4F80-88AD-ADF7DDB96320}.Release|Any CPU.Build.0 = Release|Any CPU
		{EDC34CA6-15AD-4721-994A-03712FBE2A08}.Debug|Any CPU.ActiveCfg = Debug|Any CPU
		{EDC34CA6-15AD-4721-994A-03712FBE2A08}.Debug|Any CPU.Build.0 = Debug|Any CPU
		{EDC34CA6-15AD-4721-994A-03712FBE2A08}.Release|Any CPU.ActiveCfg = Release|Any CPU
		{EDC34CA6-15AD-4721-994A-03712FBE2A08}.Release|Any CPU.Build.0 = Release|Any CPU
	EndGlobalSection
	GlobalSection(SolutionProperties) = preSolution
		HideSolutionNode = FALSE
	EndGlobalSection
	GlobalSection(ExtensibilityGlobals) = postSolution
		SolutionGuid = {D2389C2A-A36A-40D0-BF7F-FB04E2ED085D}
	EndGlobalSection
EndGlobal
