
Microsoft Visual Studio Solution File, Format Version 12.00
# Visual Studio Version 17
VisualStudioVersion = 17.10.35013.160
MinimumVisualStudioVersion = 10.0.40219.1
Project("{2150E333-8FDC-42A3-9474-1A3956D46DE8}") = "src", "src", "{B3C8FFAA-BB74-4A3F-A053-7AC564A84148}"
EndProject
Project("{2150E333-8FDC-42A3-9474-1A3956D46DE8}") = "SpeciesModule", "SpeciesModule", "{9C079B13-C93E-4DE3-B1E1-B0D738A19FF4}"
EndProject
Project("{9A19103F-16F7-4668-BE54-9A1E7A4F7556}") = "ProjectPet.SpeciesModule.Contracts", "src\Species\ProjectPet.Species.Contracts\ProjectPet.SpeciesModule.Contracts.csproj", "{5EAFED19-7D61-4003-94CC-E368FEB9E20A}"
EndProject
Project("{9A19103F-16F7-4668-BE54-9A1E7A4F7556}") = "ProjectPet.SpeciesModule.Infrastructure", "src\Species\ProjectPet.Species.Infrastructure\ProjectPet.SpeciesModule.Infrastructure.csproj", "{A95CD3C1-1223-44DA-A94E-7AE7A91D57EE}"
EndProject
Project("{9A19103F-16F7-4668-BE54-9A1E7A4F7556}") = "ProjectPet.SpeciesModule.Presentation", "src\Species\ProjectPet.Species.Presentation\ProjectPet.SpeciesModule.Presentation.csproj", "{DAE2F490-934A-490A-9188-D11B878311FC}"
EndProject
Project("{9A19103F-16F7-4668-BE54-9A1E7A4F7556}") = "ProjectPet.SpeciesModule.Domain", "src\Species\ProjectPet.Species.Domain\ProjectPet.SpeciesModule.Domain.csproj", "{A7A71B35-0ECD-4F12-821E-8A989912BE17}"
EndProject
Project("{9A19103F-16F7-4668-BE54-9A1E7A4F7556}") = "ProjectPet.SpeciesModule.Application", "src\Species\ProjectPet.Species.Application\ProjectPet.SpeciesModule.Application.csproj", "{393C30F1-AC86-4A9E-90E3-DAEC27FC7682}"
EndProject
Project("{2150E333-8FDC-42A3-9474-1A3956D46DE8}") = "VolunteerModule", "VolunteerModule", "{F7C63A34-1FD5-4F68-93D3-701C4096ECC3}"
EndProject
Project("{9A19103F-16F7-4668-BE54-9A1E7A4F7556}") = "ProjectPet.VolunteerModule.Contracts", "src\Volunteer\ProjectPet.Volunteer.Contracts\ProjectPet.VolunteerModule.Contracts.csproj", "{2DE66D73-3542-4E89-9478-B4DCAAF92E2F}"
EndProject
Project("{9A19103F-16F7-4668-BE54-9A1E7A4F7556}") = "ProjectPet.VolunteerModule.Infrastructure", "src\Volunteer\ProjectPet.Volunteer.Infrastructure\ProjectPet.VolunteerModule.Infrastructure.csproj", "{7B301DE2-39A0-4119-A4EF-41F7EB4D4A45}"
EndProject
Project("{9A19103F-16F7-4668-BE54-9A1E7A4F7556}") = "ProjectPet.VolunteerModule.Presentation", "src\Volunteer\ProjectPet.Volunteer.Presentation\ProjectPet.VolunteerModule.Presentation.csproj", "{8CAFF1E4-C746-4DAB-890C-6A737DC53A80}"
EndProject
Project("{9A19103F-16F7-4668-BE54-9A1E7A4F7556}") = "ProjectPet.VolunteerModule.Domain", "src\Volunteer\ProjectPet.Volunteer.Domain\ProjectPet.VolunteerModule.Domain.csproj", "{BE18D68E-BDF4-425A-B3C6-FB098B550A36}"
EndProject
Project("{9A19103F-16F7-4668-BE54-9A1E7A4F7556}") = "ProjectPet.VolunteerModule.Application", "src\Volunteer\ProjectPet.Volunteer.Application\ProjectPet.VolunteerModule.Application.csproj", "{D5DC7738-2EEC-4904-9965-1BBD42FBA1F3}"
EndProject
Project("{2150E333-8FDC-42A3-9474-1A3956D46DE8}") = "Core", "Core", "{99407223-D5B4-410E-A4BF-B7DC8A944AF4}"
EndProject
Project("{9A19103F-16F7-4668-BE54-9A1E7A4F7556}") = "ProjectPet.Core", "src\Core\ProjectPet.Core\ProjectPet.Core.csproj", "{8EE605F5-C22D-4736-81F7-41D1F64CA964}"
EndProject
Project("{9A19103F-16F7-4668-BE54-9A1E7A4F7556}") = "ProjectPet.SharedKernel", "src\Core\ProjectPet.SharedKernel\ProjectPet.SharedKernel.csproj", "{8BE7F84E-5D6B-4EBB-ABB3-2A8BC1D4987B}"
EndProject
Project("{9A19103F-16F7-4668-BE54-9A1E7A4F7556}") = "ProjectPet.Framework", "src\Core\ProjectPet.Framework\ProjectPet.Framework.csproj", "{5A263FAD-8CDF-488B-AE23-D64665315DCF}"
EndProject
Project("{9A19103F-16F7-4668-BE54-9A1E7A4F7556}") = "ProjectPet.Web", "src\ProjectPet.Web\ProjectPet.Web.csproj", "{1F8A6D9F-0579-4FB4-B847-A41147422710}"
EndProject
Project("{2150E333-8FDC-42A3-9474-1A3956D46DE8}") = "FileManagement", "FileManagement", "{ABDD0D94-E6E1-4F3E-806E-EE7C78D6CDFA}"
EndProject
Project("{9A19103F-16F7-4668-BE54-9A1E7A4F7556}") = "ProjectPet.FileManagement.Contracts", "src\FileManagement\ProjectPet.FileManagement.Contracts\ProjectPet.FileManagement.Contracts.csproj", "{1670EE98-23D6-44A4-B8DB-195591335541}"
EndProject
Project("{9A19103F-16F7-4668-BE54-9A1E7A4F7556}") = "ProjectPet.FileManagement.Infrastructure", "src\FileManagement\ProjectPet.FileManagement.Infrastructure\ProjectPet.FileManagement.Infrastructure.csproj", "{FF228053-DA71-450B-850D-31162F12E46B}"
EndProject
Project("{9A19103F-16F7-4668-BE54-9A1E7A4F7556}") = "ProjectPet.FileManagement.Presentation", "src\FileManagement\ProjectPet.FileManagement.Presentation\ProjectPet.FileManagement.Presentation.csproj", "{E4DC0345-D4DC-4628-8A2E-8EFD51B62883}"
EndProject
Project("{9A19103F-16F7-4668-BE54-9A1E7A4F7556}") = "ProjectPet.FileManagement.Domain", "src\FileManagement\ProjectPet.FileManagement.Domain\ProjectPet.FileManagement.Domain.csproj", "{13F3CAA5-5288-4CBA-9D69-B86E115A38E6}"
EndProject
Project("{9A19103F-16F7-4668-BE54-9A1E7A4F7556}") = "ProjectPet.FileManagement.Application", "src\FileManagement\ProjectPet.FileManagement.Application\ProjectPet.FileManagement.Application.csproj", "{F8F3B0FF-F0C1-4EE2-93ED-1E3DA21D1058}"
EndProject
Project("{2150E333-8FDC-42A3-9474-1A3956D46DE8}") = "Tests", "Tests", "{6BB02D1F-9541-46C7-A074-B80EF4FC70E2}"
EndProject
Project("{9A19103F-16F7-4668-BE54-9A1E7A4F7556}") = "ProjectPet.VolunteerModule.UnitTests.Domain", "src\Volunteer\Tests\ProjectPet.Domain.Tests\ProjectPet.VolunteerModule.UnitTests.Domain.csproj", "{8DC64FE0-64FB-4418-8336-6377641143F2}"
EndProject
Project("{E53339B2-1760-4266-BCC7-CA923CBCF16C}") = "docker-compose", "docker-compose.dcproj", "{53B141D9-6EA6-4601-8304-79E59F8491E5}"
EndProject
Project("{2150E333-8FDC-42A3-9474-1A3956D46DE8}") = "AccountsModule", "AccountsModule", "{A5F7952E-F748-4F36-9A8E-9B2F6030B45D}"
EndProject
Project("{9A19103F-16F7-4668-BE54-9A1E7A4F7556}") = "ProjectPet.AccountsModule.Contracts", "src\AccountsModule\ProjectPet.AccountsModule.Contracts\ProjectPet.AccountsModule.Contracts.csproj", "{4E888ECB-3028-416C-B6E6-7879A15C8B30}"
EndProject
Project("{9A19103F-16F7-4668-BE54-9A1E7A4F7556}") = "ProjectPet.AccountsModule.Infrastructure", "src\AccountsModule\ProjectPet.AccountsModule.Infrastructure\ProjectPet.AccountsModule.Infrastructure.csproj", "{80337A65-A41D-48A9-8111-7FA2321C0100}"
EndProject
Project("{9A19103F-16F7-4668-BE54-9A1E7A4F7556}") = "ProjectPet.AccountsModule.Presentation", "src\AccountsModule\ProjectPet.AccountsModule.Presentation\ProjectPet.AccountsModule.Presentation.csproj", "{6BE9A55E-2A00-41A7-9CA6-9375CFE09063}"
EndProject
Project("{9A19103F-16F7-4668-BE54-9A1E7A4F7556}") = "ProjectPet.AccountsModule.Domain", "src\AccountsModule\ProjectPet.AccountsModule.Domain\ProjectPet.AccountsModule.Domain.csproj", "{91FB8B1A-EB23-4AD8-96FB-326ABF1EAA76}"
EndProject
Project("{9A19103F-16F7-4668-BE54-9A1E7A4F7556}") = "ProjectPet.AccountsModule.Application", "src\AccountsModule\ProjectPet.AccountsModule.Application\ProjectPet.AccountsModule.Application.csproj", "{BB2B0907-4CFE-4B3A-9670-EDBB0F73149D}"
EndProject
Project("{9A19103F-16F7-4668-BE54-9A1E7A4F7556}") = "ProjectPet.VolunteerModule.IntegrationTests", "src\Volunteer\Tests\ProjectPet.VolunteerModule.IntegrationTests\ProjectPet.VolunteerModule.IntegrationTests.csproj", "{81220431-5893-40AD-B611-7A593785F9F5}"
EndProject
Global
	GlobalSection(SolutionConfigurationPlatforms) = preSolution
		Debug|Any CPU = Debug|Any CPU
		Release|Any CPU = Release|Any CPU
	EndGlobalSection
	GlobalSection(ProjectConfigurationPlatforms) = postSolution
		{5EAFED19-7D61-4003-94CC-E368FEB9E20A}.Debug|Any CPU.ActiveCfg = Debug|Any CPU
		{5EAFED19-7D61-4003-94CC-E368FEB9E20A}.Debug|Any CPU.Build.0 = Debug|Any CPU
		{5EAFED19-7D61-4003-94CC-E368FEB9E20A}.Release|Any CPU.ActiveCfg = Release|Any CPU
		{5EAFED19-7D61-4003-94CC-E368FEB9E20A}.Release|Any CPU.Build.0 = Release|Any CPU
		{A95CD3C1-1223-44DA-A94E-7AE7A91D57EE}.Debug|Any CPU.ActiveCfg = Debug|Any CPU
		{A95CD3C1-1223-44DA-A94E-7AE7A91D57EE}.Debug|Any CPU.Build.0 = Debug|Any CPU
		{A95CD3C1-1223-44DA-A94E-7AE7A91D57EE}.Release|Any CPU.ActiveCfg = Release|Any CPU
		{A95CD3C1-1223-44DA-A94E-7AE7A91D57EE}.Release|Any CPU.Build.0 = Release|Any CPU
		{DAE2F490-934A-490A-9188-D11B878311FC}.Debug|Any CPU.ActiveCfg = Debug|Any CPU
		{DAE2F490-934A-490A-9188-D11B878311FC}.Debug|Any CPU.Build.0 = Debug|Any CPU
		{DAE2F490-934A-490A-9188-D11B878311FC}.Release|Any CPU.ActiveCfg = Release|Any CPU
		{DAE2F490-934A-490A-9188-D11B878311FC}.Release|Any CPU.Build.0 = Release|Any CPU
		{A7A71B35-0ECD-4F12-821E-8A989912BE17}.Debug|Any CPU.ActiveCfg = Debug|Any CPU
		{A7A71B35-0ECD-4F12-821E-8A989912BE17}.Debug|Any CPU.Build.0 = Debug|Any CPU
		{A7A71B35-0ECD-4F12-821E-8A989912BE17}.Release|Any CPU.ActiveCfg = Release|Any CPU
		{A7A71B35-0ECD-4F12-821E-8A989912BE17}.Release|Any CPU.Build.0 = Release|Any CPU
		{393C30F1-AC86-4A9E-90E3-DAEC27FC7682}.Debug|Any CPU.ActiveCfg = Debug|Any CPU
		{393C30F1-AC86-4A9E-90E3-DAEC27FC7682}.Debug|Any CPU.Build.0 = Debug|Any CPU
		{393C30F1-AC86-4A9E-90E3-DAEC27FC7682}.Release|Any CPU.ActiveCfg = Release|Any CPU
		{393C30F1-AC86-4A9E-90E3-DAEC27FC7682}.Release|Any CPU.Build.0 = Release|Any CPU
		{2DE66D73-3542-4E89-9478-B4DCAAF92E2F}.Debug|Any CPU.ActiveCfg = Debug|Any CPU
		{2DE66D73-3542-4E89-9478-B4DCAAF92E2F}.Debug|Any CPU.Build.0 = Debug|Any CPU
		{2DE66D73-3542-4E89-9478-B4DCAAF92E2F}.Release|Any CPU.ActiveCfg = Release|Any CPU
		{2DE66D73-3542-4E89-9478-B4DCAAF92E2F}.Release|Any CPU.Build.0 = Release|Any CPU
		{7B301DE2-39A0-4119-A4EF-41F7EB4D4A45}.Debug|Any CPU.ActiveCfg = Debug|Any CPU
		{7B301DE2-39A0-4119-A4EF-41F7EB4D4A45}.Debug|Any CPU.Build.0 = Debug|Any CPU
		{7B301DE2-39A0-4119-A4EF-41F7EB4D4A45}.Release|Any CPU.ActiveCfg = Release|Any CPU
		{7B301DE2-39A0-4119-A4EF-41F7EB4D4A45}.Release|Any CPU.Build.0 = Release|Any CPU
		{8CAFF1E4-C746-4DAB-890C-6A737DC53A80}.Debug|Any CPU.ActiveCfg = Debug|Any CPU
		{8CAFF1E4-C746-4DAB-890C-6A737DC53A80}.Debug|Any CPU.Build.0 = Debug|Any CPU
		{8CAFF1E4-C746-4DAB-890C-6A737DC53A80}.Release|Any CPU.ActiveCfg = Release|Any CPU
		{8CAFF1E4-C746-4DAB-890C-6A737DC53A80}.Release|Any CPU.Build.0 = Release|Any CPU
		{BE18D68E-BDF4-425A-B3C6-FB098B550A36}.Debug|Any CPU.ActiveCfg = Debug|Any CPU
		{BE18D68E-BDF4-425A-B3C6-FB098B550A36}.Debug|Any CPU.Build.0 = Debug|Any CPU
		{BE18D68E-BDF4-425A-B3C6-FB098B550A36}.Release|Any CPU.ActiveCfg = Release|Any CPU
		{BE18D68E-BDF4-425A-B3C6-FB098B550A36}.Release|Any CPU.Build.0 = Release|Any CPU
		{D5DC7738-2EEC-4904-9965-1BBD42FBA1F3}.Debug|Any CPU.ActiveCfg = Debug|Any CPU
		{D5DC7738-2EEC-4904-9965-1BBD42FBA1F3}.Debug|Any CPU.Build.0 = Debug|Any CPU
		{D5DC7738-2EEC-4904-9965-1BBD42FBA1F3}.Release|Any CPU.ActiveCfg = Release|Any CPU
		{D5DC7738-2EEC-4904-9965-1BBD42FBA1F3}.Release|Any CPU.Build.0 = Release|Any CPU
		{8EE605F5-C22D-4736-81F7-41D1F64CA964}.Debug|Any CPU.ActiveCfg = Debug|Any CPU
		{8EE605F5-C22D-4736-81F7-41D1F64CA964}.Debug|Any CPU.Build.0 = Debug|Any CPU
		{8EE605F5-C22D-4736-81F7-41D1F64CA964}.Release|Any CPU.ActiveCfg = Release|Any CPU
		{8EE605F5-C22D-4736-81F7-41D1F64CA964}.Release|Any CPU.Build.0 = Release|Any CPU
		{8BE7F84E-5D6B-4EBB-ABB3-2A8BC1D4987B}.Debug|Any CPU.ActiveCfg = Debug|Any CPU
		{8BE7F84E-5D6B-4EBB-ABB3-2A8BC1D4987B}.Debug|Any CPU.Build.0 = Debug|Any CPU
		{8BE7F84E-5D6B-4EBB-ABB3-2A8BC1D4987B}.Release|Any CPU.ActiveCfg = Release|Any CPU
		{8BE7F84E-5D6B-4EBB-ABB3-2A8BC1D4987B}.Release|Any CPU.Build.0 = Release|Any CPU
		{5A263FAD-8CDF-488B-AE23-D64665315DCF}.Debug|Any CPU.ActiveCfg = Debug|Any CPU
		{5A263FAD-8CDF-488B-AE23-D64665315DCF}.Debug|Any CPU.Build.0 = Debug|Any CPU
		{5A263FAD-8CDF-488B-AE23-D64665315DCF}.Release|Any CPU.ActiveCfg = Release|Any CPU
		{5A263FAD-8CDF-488B-AE23-D64665315DCF}.Release|Any CPU.Build.0 = Release|Any CPU
		{1F8A6D9F-0579-4FB4-B847-A41147422710}.Debug|Any CPU.ActiveCfg = Debug|Any CPU
		{1F8A6D9F-0579-4FB4-B847-A41147422710}.Debug|Any CPU.Build.0 = Debug|Any CPU
		{1F8A6D9F-0579-4FB4-B847-A41147422710}.Release|Any CPU.ActiveCfg = Release|Any CPU
		{1F8A6D9F-0579-4FB4-B847-A41147422710}.Release|Any CPU.Build.0 = Release|Any CPU
		{1670EE98-23D6-44A4-B8DB-195591335541}.Debug|Any CPU.ActiveCfg = Debug|Any CPU
		{1670EE98-23D6-44A4-B8DB-195591335541}.Debug|Any CPU.Build.0 = Debug|Any CPU
		{1670EE98-23D6-44A4-B8DB-195591335541}.Release|Any CPU.ActiveCfg = Release|Any CPU
		{1670EE98-23D6-44A4-B8DB-195591335541}.Release|Any CPU.Build.0 = Release|Any CPU
		{FF228053-DA71-450B-850D-31162F12E46B}.Debug|Any CPU.ActiveCfg = Debug|Any CPU
		{FF228053-DA71-450B-850D-31162F12E46B}.Debug|Any CPU.Build.0 = Debug|Any CPU
		{FF228053-DA71-450B-850D-31162F12E46B}.Release|Any CPU.ActiveCfg = Release|Any CPU
		{FF228053-DA71-450B-850D-31162F12E46B}.Release|Any CPU.Build.0 = Release|Any CPU
		{E4DC0345-D4DC-4628-8A2E-8EFD51B62883}.Debug|Any CPU.ActiveCfg = Debug|Any CPU
		{E4DC0345-D4DC-4628-8A2E-8EFD51B62883}.Debug|Any CPU.Build.0 = Debug|Any CPU
		{E4DC0345-D4DC-4628-8A2E-8EFD51B62883}.Release|Any CPU.ActiveCfg = Release|Any CPU
		{E4DC0345-D4DC-4628-8A2E-8EFD51B62883}.Release|Any CPU.Build.0 = Release|Any CPU
		{13F3CAA5-5288-4CBA-9D69-B86E115A38E6}.Debug|Any CPU.ActiveCfg = Debug|Any CPU
		{13F3CAA5-5288-4CBA-9D69-B86E115A38E6}.Debug|Any CPU.Build.0 = Debug|Any CPU
		{13F3CAA5-5288-4CBA-9D69-B86E115A38E6}.Release|Any CPU.ActiveCfg = Release|Any CPU
		{13F3CAA5-5288-4CBA-9D69-B86E115A38E6}.Release|Any CPU.Build.0 = Release|Any CPU
		{F8F3B0FF-F0C1-4EE2-93ED-1E3DA21D1058}.Debug|Any CPU.ActiveCfg = Debug|Any CPU
		{F8F3B0FF-F0C1-4EE2-93ED-1E3DA21D1058}.Debug|Any CPU.Build.0 = Debug|Any CPU
		{F8F3B0FF-F0C1-4EE2-93ED-1E3DA21D1058}.Release|Any CPU.ActiveCfg = Release|Any CPU
		{F8F3B0FF-F0C1-4EE2-93ED-1E3DA21D1058}.Release|Any CPU.Build.0 = Release|Any CPU
		{8DC64FE0-64FB-4418-8336-6377641143F2}.Debug|Any CPU.ActiveCfg = Debug|Any CPU
		{8DC64FE0-64FB-4418-8336-6377641143F2}.Debug|Any CPU.Build.0 = Debug|Any CPU
		{8DC64FE0-64FB-4418-8336-6377641143F2}.Release|Any CPU.ActiveCfg = Release|Any CPU
		{8DC64FE0-64FB-4418-8336-6377641143F2}.Release|Any CPU.Build.0 = Release|Any CPU
		{53B141D9-6EA6-4601-8304-79E59F8491E5}.Debug|Any CPU.ActiveCfg = Debug|Any CPU
		{53B141D9-6EA6-4601-8304-79E59F8491E5}.Debug|Any CPU.Build.0 = Debug|Any CPU
		{53B141D9-6EA6-4601-8304-79E59F8491E5}.Release|Any CPU.ActiveCfg = Release|Any CPU
		{53B141D9-6EA6-4601-8304-79E59F8491E5}.Release|Any CPU.Build.0 = Release|Any CPU
		{4E888ECB-3028-416C-B6E6-7879A15C8B30}.Debug|Any CPU.ActiveCfg = Debug|Any CPU
		{4E888ECB-3028-416C-B6E6-7879A15C8B30}.Debug|Any CPU.Build.0 = Debug|Any CPU
		{4E888ECB-3028-416C-B6E6-7879A15C8B30}.Release|Any CPU.ActiveCfg = Release|Any CPU
		{4E888ECB-3028-416C-B6E6-7879A15C8B30}.Release|Any CPU.Build.0 = Release|Any CPU
		{80337A65-A41D-48A9-8111-7FA2321C0100}.Debug|Any CPU.ActiveCfg = Debug|Any CPU
		{80337A65-A41D-48A9-8111-7FA2321C0100}.Debug|Any CPU.Build.0 = Debug|Any CPU
		{80337A65-A41D-48A9-8111-7FA2321C0100}.Release|Any CPU.ActiveCfg = Release|Any CPU
		{80337A65-A41D-48A9-8111-7FA2321C0100}.Release|Any CPU.Build.0 = Release|Any CPU
		{6BE9A55E-2A00-41A7-9CA6-9375CFE09063}.Debug|Any CPU.ActiveCfg = Debug|Any CPU
		{6BE9A55E-2A00-41A7-9CA6-9375CFE09063}.Debug|Any CPU.Build.0 = Debug|Any CPU
		{6BE9A55E-2A00-41A7-9CA6-9375CFE09063}.Release|Any CPU.ActiveCfg = Release|Any CPU
		{6BE9A55E-2A00-41A7-9CA6-9375CFE09063}.Release|Any CPU.Build.0 = Release|Any CPU
		{91FB8B1A-EB23-4AD8-96FB-326ABF1EAA76}.Debug|Any CPU.ActiveCfg = Debug|Any CPU
		{91FB8B1A-EB23-4AD8-96FB-326ABF1EAA76}.Debug|Any CPU.Build.0 = Debug|Any CPU
		{91FB8B1A-EB23-4AD8-96FB-326ABF1EAA76}.Release|Any CPU.ActiveCfg = Release|Any CPU
		{91FB8B1A-EB23-4AD8-96FB-326ABF1EAA76}.Release|Any CPU.Build.0 = Release|Any CPU
		{BB2B0907-4CFE-4B3A-9670-EDBB0F73149D}.Debug|Any CPU.ActiveCfg = Debug|Any CPU
		{BB2B0907-4CFE-4B3A-9670-EDBB0F73149D}.Debug|Any CPU.Build.0 = Debug|Any CPU
		{BB2B0907-4CFE-4B3A-9670-EDBB0F73149D}.Release|Any CPU.ActiveCfg = Release|Any CPU
		{BB2B0907-4CFE-4B3A-9670-EDBB0F73149D}.Release|Any CPU.Build.0 = Release|Any CPU
		{81220431-5893-40AD-B611-7A593785F9F5}.Debug|Any CPU.ActiveCfg = Debug|Any CPU
		{81220431-5893-40AD-B611-7A593785F9F5}.Debug|Any CPU.Build.0 = Debug|Any CPU
		{81220431-5893-40AD-B611-7A593785F9F5}.Release|Any CPU.ActiveCfg = Release|Any CPU
		{81220431-5893-40AD-B611-7A593785F9F5}.Release|Any CPU.Build.0 = Release|Any CPU
	EndGlobalSection
	GlobalSection(SolutionProperties) = preSolution
		HideSolutionNode = FALSE
	EndGlobalSection
	GlobalSection(NestedProjects) = preSolution
		{9C079B13-C93E-4DE3-B1E1-B0D738A19FF4} = {B3C8FFAA-BB74-4A3F-A053-7AC564A84148}
		{5EAFED19-7D61-4003-94CC-E368FEB9E20A} = {9C079B13-C93E-4DE3-B1E1-B0D738A19FF4}
		{A95CD3C1-1223-44DA-A94E-7AE7A91D57EE} = {9C079B13-C93E-4DE3-B1E1-B0D738A19FF4}
		{DAE2F490-934A-490A-9188-D11B878311FC} = {9C079B13-C93E-4DE3-B1E1-B0D738A19FF4}
		{A7A71B35-0ECD-4F12-821E-8A989912BE17} = {9C079B13-C93E-4DE3-B1E1-B0D738A19FF4}
		{393C30F1-AC86-4A9E-90E3-DAEC27FC7682} = {9C079B13-C93E-4DE3-B1E1-B0D738A19FF4}
		{F7C63A34-1FD5-4F68-93D3-701C4096ECC3} = {B3C8FFAA-BB74-4A3F-A053-7AC564A84148}
		{2DE66D73-3542-4E89-9478-B4DCAAF92E2F} = {F7C63A34-1FD5-4F68-93D3-701C4096ECC3}
		{7B301DE2-39A0-4119-A4EF-41F7EB4D4A45} = {F7C63A34-1FD5-4F68-93D3-701C4096ECC3}
		{8CAFF1E4-C746-4DAB-890C-6A737DC53A80} = {F7C63A34-1FD5-4F68-93D3-701C4096ECC3}
		{BE18D68E-BDF4-425A-B3C6-FB098B550A36} = {F7C63A34-1FD5-4F68-93D3-701C4096ECC3}
		{D5DC7738-2EEC-4904-9965-1BBD42FBA1F3} = {F7C63A34-1FD5-4F68-93D3-701C4096ECC3}
		{99407223-D5B4-410E-A4BF-B7DC8A944AF4} = {B3C8FFAA-BB74-4A3F-A053-7AC564A84148}
		{8EE605F5-C22D-4736-81F7-41D1F64CA964} = {99407223-D5B4-410E-A4BF-B7DC8A944AF4}
		{8BE7F84E-5D6B-4EBB-ABB3-2A8BC1D4987B} = {99407223-D5B4-410E-A4BF-B7DC8A944AF4}
		{5A263FAD-8CDF-488B-AE23-D64665315DCF} = {99407223-D5B4-410E-A4BF-B7DC8A944AF4}
		{1F8A6D9F-0579-4FB4-B847-A41147422710} = {B3C8FFAA-BB74-4A3F-A053-7AC564A84148}
		{ABDD0D94-E6E1-4F3E-806E-EE7C78D6CDFA} = {B3C8FFAA-BB74-4A3F-A053-7AC564A84148}
		{1670EE98-23D6-44A4-B8DB-195591335541} = {ABDD0D94-E6E1-4F3E-806E-EE7C78D6CDFA}
		{FF228053-DA71-450B-850D-31162F12E46B} = {ABDD0D94-E6E1-4F3E-806E-EE7C78D6CDFA}
		{E4DC0345-D4DC-4628-8A2E-8EFD51B62883} = {ABDD0D94-E6E1-4F3E-806E-EE7C78D6CDFA}
		{13F3CAA5-5288-4CBA-9D69-B86E115A38E6} = {ABDD0D94-E6E1-4F3E-806E-EE7C78D6CDFA}
		{F8F3B0FF-F0C1-4EE2-93ED-1E3DA21D1058} = {ABDD0D94-E6E1-4F3E-806E-EE7C78D6CDFA}
		{6BB02D1F-9541-46C7-A074-B80EF4FC70E2} = {F7C63A34-1FD5-4F68-93D3-701C4096ECC3}
		{8DC64FE0-64FB-4418-8336-6377641143F2} = {6BB02D1F-9541-46C7-A074-B80EF4FC70E2}
		{A5F7952E-F748-4F36-9A8E-9B2F6030B45D} = {B3C8FFAA-BB74-4A3F-A053-7AC564A84148}
		{4E888ECB-3028-416C-B6E6-7879A15C8B30} = {A5F7952E-F748-4F36-9A8E-9B2F6030B45D}
		{80337A65-A41D-48A9-8111-7FA2321C0100} = {A5F7952E-F748-4F36-9A8E-9B2F6030B45D}
		{6BE9A55E-2A00-41A7-9CA6-9375CFE09063} = {A5F7952E-F748-4F36-9A8E-9B2F6030B45D}
		{91FB8B1A-EB23-4AD8-96FB-326ABF1EAA76} = {A5F7952E-F748-4F36-9A8E-9B2F6030B45D}
		{BB2B0907-4CFE-4B3A-9670-EDBB0F73149D} = {A5F7952E-F748-4F36-9A8E-9B2F6030B45D}
		{81220431-5893-40AD-B611-7A593785F9F5} = {6BB02D1F-9541-46C7-A074-B80EF4FC70E2}
	EndGlobalSection
	GlobalSection(ExtensibilityGlobals) = postSolution
		SolutionGuid = {D2389C2A-A36A-40D0-BF7F-FB04E2ED085D}
	EndGlobalSection
EndGlobal
